
Microsoft Visual Studio Solution File, Format Version 12.00
# Visual Studio Version 17
VisualStudioVersion = 17.8.34330.188
MinimumVisualStudioVersion = 10.0.40219.1
Project("{2150E333-8FDC-42A3-9474-1A3956D46DE8}") = "Services", "Services", "{2BF0E353-03A8-45AE-A733-871B1F91115E}"
EndProject
Project("{2150E333-8FDC-42A3-9474-1A3956D46DE8}") = "Catalog", "Catalog", "{41EFFEE3-4E9D-47FC-8923-23B3C40537F8}"
EndProject
Project("{9A19103F-16F7-4668-BE54-9A1E7A4F7556}") = "Catalog.API", "Services\Catalog\Catalog.API\Catalog.API.csproj", "{03412440-A703-4A41-A45D-D95A45611BAB}"
EndProject
Project("{2150E333-8FDC-42A3-9474-1A3956D46DE8}") = "BuildingBlocks", "BuildingBlocks", "{1D1A0713-718B-47CC-A664-C458CFDBB41A}"
EndProject
Project("{9A19103F-16F7-4668-BE54-9A1E7A4F7556}") = "BuildingBlocks", "BuildingBlocks\BuildingBlocks\BuildingBlocks.csproj", "{8A23E126-A15F-48AB-B254-C0D65F8DDCC0}"
EndProject
Project("{E53339B2-1760-4266-BCC7-CA923CBCF16C}") = "docker-compose", "docker-compose.dcproj", "{086E296C-72B0-47CC-9458-F16C08B3F449}"
EndProject
Global
	GlobalSection(SolutionConfigurationPlatforms) = preSolution
		Debug|Any CPU = Debug|Any CPU
		Release|Any CPU = Release|Any CPU
	EndGlobalSection
	GlobalSection(ProjectConfigurationPlatforms) = postSolution
		{03412440-A703-4A41-A45D-D95A45611BAB}.Debug|Any CPU.ActiveCfg = Debug|Any CPU
		{03412440-A703-4A41-A45D-D95A45611BAB}.Debug|Any CPU.Build.0 = Debug|Any CPU
		{03412440-A703-4A41-A45D-D95A45611BAB}.Release|Any CPU.ActiveCfg = Release|Any CPU
		{03412440-A703-4A41-A45D-D95A45611BAB}.Release|Any CPU.Build.0 = Release|Any CPU
		{8A23E126-A15F-48AB-B254-C0D65F8DDCC0}.Debug|Any CPU.ActiveCfg = Debug|Any CPU
		{8A23E126-A15F-48AB-B254-C0D65F8DDCC0}.Debug|Any CPU.Build.0 = Debug|Any CPU
		{8A23E126-A15F-48AB-B254-C0D65F8DDCC0}.Release|Any CPU.ActiveCfg = Release|Any CPU
		{8A23E126-A15F-48AB-B254-C0D65F8DDCC0}.Release|Any CPU.Build.0 = Release|Any CPU
		{086E296C-72B0-47CC-9458-F16C08B3F449}.Debug|Any CPU.ActiveCfg = Debug|Any CPU
		{086E296C-72B0-47CC-9458-F16C08B3F449}.Debug|Any CPU.Build.0 = Debug|Any CPU
		{086E296C-72B0-47CC-9458-F16C08B3F449}.Release|Any CPU.ActiveCfg = Release|Any CPU
		{086E296C-72B0-47CC-9458-F16C08B3F449}.Release|Any CPU.Build.0 = Release|Any CPU
	EndGlobalSection
	GlobalSection(SolutionProperties) = preSolution
		HideSolutionNode = FALSE
	EndGlobalSection
	GlobalSection(NestedProjects) = preSolution
		{41EFFEE3-4E9D-47FC-8923-23B3C40537F8} = {2BF0E353-03A8-45AE-A733-871B1F91115E}
		{03412440-A703-4A41-A45D-D95A45611BAB} = {41EFFEE3-4E9D-47FC-8923-23B3C40537F8}
		{8A23E126-A15F-48AB-B254-C0D65F8DDCC0} = {1D1A0713-718B-47CC-A664-C458CFDBB41A}
	EndGlobalSection
	GlobalSection(ExtensibilityGlobals) = postSolution
		SolutionGuid = {30335384-5532-471E-941D-A76B2CD8A5A0}
	EndGlobalSection
EndGlobal
